
Microsoft Visual Studio Solution File, Format Version 12.00
# Visual Studio Version 16
VisualStudioVersion = 16.0.30330.147
MinimumVisualStudioVersion = 10.0.40219.1
Project("{FAE04EC0-301F-11D3-BF4B-00C04F79EFBC}") = "BookCatalogueApi", "BookCatalogueApi\BookCatalogueApi.csproj", "{21081A7D-BB27-408E-AB3E-4DC281613BB1}"
EndProject
Project("{2150E333-8FDC-42A3-9474-1A3956D46DE8}") = "Services", "Services", "{81EFB244-ECB9-48D1-8EB2-8DA4B5A9A187}"
EndProject
Project("{2150E333-8FDC-42A3-9474-1A3956D46DE8}") = "Repository", "Repository", "{331CAA21-E939-4F0F-8BE7-E4B82AC3CB62}"
EndProject
Project("{2150E333-8FDC-42A3-9474-1A3956D46DE8}") = "Model", "Model", "{3B3A7EEF-7E3E-4FE0-BC29-6BC26F00A207}"
EndProject
Project("{2150E333-8FDC-42A3-9474-1A3956D46DE8}") = "Web", "Web", "{BFEE0B01-85D0-4DB1-B0E8-B0D28E86E85B}"
EndProject
Project("{FAE04EC0-301F-11D3-BF4B-00C04F79EFBC}") = "BookCatalogue.Services", "BookCatalogue.Services\BookCatalogue.Services.csproj", "{9860945A-E47B-4AA4-96C6-795E73FC8658}"
EndProject
Project("{FAE04EC0-301F-11D3-BF4B-00C04F79EFBC}") = "BookCatalogue.Services.Interface", "BookCatalogue.Services.Interface\BookCatalogue.Services.Interface.csproj", "{B7217F55-286C-4093-B7ED-A29A2197B73C}"
EndProject
Project("{FAE04EC0-301F-11D3-BF4B-00C04F79EFBC}") = "BookCatalogue.Repository", "BookCatalogue.Repository\BookCatalogue.Repository.csproj", "{AED2507E-3FE0-467B-AAAF-D4AA696A657F}"
EndProject
Project("{FAE04EC0-301F-11D3-BF4B-00C04F79EFBC}") = "BookCatalogue.Repository.Interface", "BookCatalogue.Repository.Interface\BookCatalogue.Repository.Interface.csproj", "{FD6993AD-53F8-482A-8A00-03CF1A7D6C0E}"
EndProject
Project("{FAE04EC0-301F-11D3-BF4B-00C04F79EFBC}") = "BookCatalogue.Model", "BookCatalogue.Model\BookCatalogue.Model.csproj", "{FBF0797F-F035-4D15-9DF3-DC60E0ABC2C8}"
EndProject
Global
	GlobalSection(SolutionConfigurationPlatforms) = preSolution
		Debug|Any CPU = Debug|Any CPU
		Release|Any CPU = Release|Any CPU
	EndGlobalSection
	GlobalSection(ProjectConfigurationPlatforms) = postSolution
		{21081A7D-BB27-408E-AB3E-4DC281613BB1}.Debug|Any CPU.ActiveCfg = Debug|Any CPU
		{21081A7D-BB27-408E-AB3E-4DC281613BB1}.Debug|Any CPU.Build.0 = Debug|Any CPU
		{21081A7D-BB27-408E-AB3E-4DC281613BB1}.Release|Any CPU.ActiveCfg = Release|Any CPU
		{21081A7D-BB27-408E-AB3E-4DC281613BB1}.Release|Any CPU.Build.0 = Release|Any CPU
		{9860945A-E47B-4AA4-96C6-795E73FC8658}.Debug|Any CPU.ActiveCfg = Debug|Any CPU
		{9860945A-E47B-4AA4-96C6-795E73FC8658}.Debug|Any CPU.Build.0 = Debug|Any CPU
		{9860945A-E47B-4AA4-96C6-795E73FC8658}.Release|Any CPU.ActiveCfg = Release|Any CPU
		{9860945A-E47B-4AA4-96C6-795E73FC8658}.Release|Any CPU.Build.0 = Release|Any CPU
		{B7217F55-286C-4093-B7ED-A29A2197B73C}.Debug|Any CPU.ActiveCfg = Debug|Any CPU
		{B7217F55-286C-4093-B7ED-A29A2197B73C}.Debug|Any CPU.Build.0 = Debug|Any CPU
		{B7217F55-286C-4093-B7ED-A29A2197B73C}.Release|Any CPU.ActiveCfg = Release|Any CPU
		{B7217F55-286C-4093-B7ED-A29A2197B73C}.Release|Any CPU.Build.0 = Release|Any CPU
		{AED2507E-3FE0-467B-AAAF-D4AA696A657F}.Debug|Any CPU.ActiveCfg = Debug|Any CPU
		{AED2507E-3FE0-467B-AAAF-D4AA696A657F}.Debug|Any CPU.Build.0 = Debug|Any CPU
		{AED2507E-3FE0-467B-AAAF-D4AA696A657F}.Release|Any CPU.ActiveCfg = Release|Any CPU
		{AED2507E-3FE0-467B-AAAF-D4AA696A657F}.Release|Any CPU.Build.0 = Release|Any CPU
		{FD6993AD-53F8-482A-8A00-03CF1A7D6C0E}.Debug|Any CPU.ActiveCfg = Debug|Any CPU
		{FD6993AD-53F8-482A-8A00-03CF1A7D6C0E}.Debug|Any CPU.Build.0 = Debug|Any CPU
		{FD6993AD-53F8-482A-8A00-03CF1A7D6C0E}.Release|Any CPU.ActiveCfg = Release|Any CPU
		{FD6993AD-53F8-482A-8A00-03CF1A7D6C0E}.Release|Any CPU.Build.0 = Release|Any CPU
		{FBF0797F-F035-4D15-9DF3-DC60E0ABC2C8}.Debug|Any CPU.ActiveCfg = Debug|Any CPU
		{FBF0797F-F035-4D15-9DF3-DC60E0ABC2C8}.Debug|Any CPU.Build.0 = Debug|Any CPU
		{FBF0797F-F035-4D15-9DF3-DC60E0ABC2C8}.Release|Any CPU.ActiveCfg = Release|Any CPU
		{FBF0797F-F035-4D15-9DF3-DC60E0ABC2C8}.Release|Any CPU.Build.0 = Release|Any CPU
	EndGlobalSection
	GlobalSection(SolutionProperties) = preSolution
		HideSolutionNode = FALSE
	EndGlobalSection
	GlobalSection(NestedProjects) = preSolution
		{21081A7D-BB27-408E-AB3E-4DC281613BB1} = {BFEE0B01-85D0-4DB1-B0E8-B0D28E86E85B}
		{9860945A-E47B-4AA4-96C6-795E73FC8658} = {81EFB244-ECB9-48D1-8EB2-8DA4B5A9A187}
		{B7217F55-286C-4093-B7ED-A29A2197B73C} = {81EFB244-ECB9-48D1-8EB2-8DA4B5A9A187}
		{AED2507E-3FE0-467B-AAAF-D4AA696A657F} = {331CAA21-E939-4F0F-8BE7-E4B82AC3CB62}
		{FD6993AD-53F8-482A-8A00-03CF1A7D6C0E} = {331CAA21-E939-4F0F-8BE7-E4B82AC3CB62}
		{FBF0797F-F035-4D15-9DF3-DC60E0ABC2C8} = {3B3A7EEF-7E3E-4FE0-BC29-6BC26F00A207}
	EndGlobalSection
	GlobalSection(ExtensibilityGlobals) = postSolution
		SolutionGuid = {7A1B2A07-6C48-412B-BE7A-B47381B377BC}
	EndGlobalSection
EndGlobal
